// !$*UTF8*$!
{
	archiveVersion = 1;
	classes = {
	};
	objectVersion = 46;
	objects = {

/* Begin PBXBuildFile section */
		BE21217F16C4B782007ED374 /* LAHManager.m in Sources */ = {isa = PBXBuildFile; fileRef = BE21217E16C4B782007ED374 /* LAHManager.m */; };
		BE71B25F16C1F9D4005AD9D7 /* UIKit.framework in Frameworks */ = {isa = PBXBuildFile; fileRef = BE71B25E16C1F9D4005AD9D7 /* UIKit.framework */; };
		BE71B26016C1F9D4005AD9D7 /* Foundation.framework in Frameworks */ = {isa = PBXBuildFile; fileRef = BEDD18CD16BF976F009825E8 /* Foundation.framework */; };
		BE71B26216C1F9D4005AD9D7 /* CoreGraphics.framework in Frameworks */ = {isa = PBXBuildFile; fileRef = BE71B26116C1F9D4005AD9D7 /* CoreGraphics.framework */; };
		BE71B26816C1F9D4005AD9D7 /* InfoPlist.strings in Resources */ = {isa = PBXBuildFile; fileRef = BE71B26616C1F9D4005AD9D7 /* InfoPlist.strings */; };
		BE71B26A16C1F9D4005AD9D7 /* main.m in Sources */ = {isa = PBXBuildFile; fileRef = BE71B26916C1F9D4005AD9D7 /* main.m */; };
		BE71B26E16C1F9D4005AD9D7 /* AppDelegate.m in Sources */ = {isa = PBXBuildFile; fileRef = BE71B26D16C1F9D4005AD9D7 /* AppDelegate.m */; };
		BE71B27016C1F9D4005AD9D7 /* Default.png in Resources */ = {isa = PBXBuildFile; fileRef = BE71B26F16C1F9D4005AD9D7 /* Default.png */; };
		BE71B27216C1F9D4005AD9D7 /* Default@2x.png in Resources */ = {isa = PBXBuildFile; fileRef = BE71B27116C1F9D4005AD9D7 /* Default@2x.png */; };
		BE71B27416C1F9D4005AD9D7 /* Default-568h@2x.png in Resources */ = {isa = PBXBuildFile; fileRef = BE71B27316C1F9D4005AD9D7 /* Default-568h@2x.png */; };
		BE71B27716C1F9D4005AD9D7 /* ViewController.m in Sources */ = {isa = PBXBuildFile; fileRef = BE71B27616C1F9D4005AD9D7 /* ViewController.m */; };
		BE71B27A16C1F9D4005AD9D7 /* ViewController.xib in Resources */ = {isa = PBXBuildFile; fileRef = BE71B27816C1F9D4005AD9D7 /* ViewController.xib */; };
		BE8E785116BFC73800FAE32B /* libLazy_API_with_HTML.a in Frameworks */ = {isa = PBXBuildFile; fileRef = BEDD18CA16BF976F009825E8 /* libLazy_API_with_HTML.a */; };
		BE93F0BE16C4FCDB008C3B3F /* LAH51voa.m in Sources */ = {isa = PBXBuildFile; fileRef = BE93F0BD16C4FCDB008C3B3F /* LAH51voa.m */; };
		BE93F0C516C502DE008C3B3F /* Foundation.framework in Frameworks */ = {isa = PBXBuildFile; fileRef = BEDD18CD16BF976F009825E8 /* Foundation.framework */; };
		BE93F0CA16C502DF008C3B3F /* LAH_MKNetwork_Hpple.h in CopyFiles */ = {isa = PBXBuildFile; fileRef = BE93F0C916C502DF008C3B3F /* LAH_MKNetwork_Hpple.h */; };
		BE93F0CC16C502DF008C3B3F /* LAH_MKNetwork_Hpple.m in Sources */ = {isa = PBXBuildFile; fileRef = BE93F0CB16C502DF008C3B3F /* LAH_MKNetwork_Hpple.m */; };
		BE93F0E316C5033A008C3B3F /* libTFHpple.a in Frameworks */ = {isa = PBXBuildFile; fileRef = BE93F0D116C5033A008C3B3F /* libTFHpple.a */; };
		BE93F0E516C5052F008C3B3F /* libLazy_API_with_HTML.a in Frameworks */ = {isa = PBXBuildFile; fileRef = BEDD18CA16BF976F009825E8 /* libLazy_API_with_HTML.a */; };
		BE93F0E616C50538008C3B3F /* libLAH_MKNetwork_Hpple.a in Frameworks */ = {isa = PBXBuildFile; fileRef = BE93F0C416C502DE008C3B3F /* libLAH_MKNetwork_Hpple.a */; };
		BE94BB1A16C11D9E002AF23E /* LAHNode.m in Sources */ = {isa = PBXBuildFile; fileRef = BE94BB1916C11D9E002AF23E /* LAHNode.m */; };
		BE94BB1B16C11D9E002AF23E /* LAHNode.m in Sources */ = {isa = PBXBuildFile; fileRef = BE94BB1916C11D9E002AF23E /* LAHNode.m */; };
		BE94BB1E16C11DB4002AF23E /* LAHOperation.m in Sources */ = {isa = PBXBuildFile; fileRef = BE94BB1D16C11DB4002AF23E /* LAHOperation.m */; };
		BE94BB1F16C11DB4002AF23E /* LAHOperation.m in Sources */ = {isa = PBXBuildFile; fileRef = BE94BB1D16C11DB4002AF23E /* LAHOperation.m */; };
		BE94BB2216C11DE9002AF23E /* LAHRecognizer.m in Sources */ = {isa = PBXBuildFile; fileRef = BE94BB2116C11DE9002AF23E /* LAHRecognizer.m */; };
		BE94BB2316C11DE9002AF23E /* LAHRecognizer.m in Sources */ = {isa = PBXBuildFile; fileRef = BE94BB2116C11DE9002AF23E /* LAHRecognizer.m */; };
		BE94BB2A16C11E17002AF23E /* LAHDownloader.m in Sources */ = {isa = PBXBuildFile; fileRef = BE94BB2916C11E17002AF23E /* LAHDownloader.m */; };
		BE94BB2B16C11E17002AF23E /* LAHDownloader.m in Sources */ = {isa = PBXBuildFile; fileRef = BE94BB2916C11E17002AF23E /* LAHDownloader.m */; };
		BE95AE8C16E57A6E008D5A88 /* LAHManagerEnhance.m in Sources */ = {isa = PBXBuildFile; fileRef = BE95AE8B16E57A6E008D5A88 /* LAHManagerEnhance.m */; };
		BE96730D16F5F2CA00AD3913 /* 51VOAItem.lah in Resources */ = {isa = PBXBuildFile; fileRef = BE96730C16F5F2CA00AD3913 /* 51VOAItem.lah */; };
		BE98178316EB16E100FE93DE /* voa.lah in Resources */ = {isa = PBXBuildFile; fileRef = BE98178216EB16E100FE93DE /* voa.lah */; };
		BE98178616EB21DA00FE93DE /* LAHParser.m in Sources */ = {isa = PBXBuildFile; fileRef = BE98178516EB21DA00FE93DE /* LAHParser.m */; };
		BE98178916EB2AD500FE93DE /* LAHStmt.m in Sources */ = {isa = PBXBuildFile; fileRef = BE98178816EB2AD500FE93DE /* LAHStmt.m */; };
		BE9ABC0F16F32BB7001B0465 /* 51VOA.lah in Resources */ = {isa = PBXBuildFile; fileRef = BE9ABC0E16F32BB7001B0465 /* 51VOA.lah */; };
		BE9C96CF16CE79A8000BC31F /* LAHConstruct.m in Sources */ = {isa = PBXBuildFile; fileRef = BE9C96CE16CE79A8000BC31F /* LAHConstruct.m */; };
		BE9E221616C528D9004EF814 /* libMKNetworkKit-iOS.a in Frameworks */ = {isa = PBXBuildFile; fileRef = BE9E221516C528D9004EF814 /* libMKNetworkKit-iOS.a */; };
		BE9F6A4A16EABBD6007C7EBB /* LAHToken.m in Sources */ = {isa = PBXBuildFile; fileRef = BE9F6A4216EABBD6007C7EBB /* LAHToken.m */; };
		BEA0533F16E9CD7F000A7958 /* LAHInterface.m in Sources */ = {isa = PBXBuildFile; fileRef = BEA0533E16E9CD7F000A7958 /* LAHInterface.m */; };
		BEA0A60A16EDE96D0057FCB6 /* LOG in Resources */ = {isa = PBXBuildFile; fileRef = BEA0A60916EDE96D0057FCB6 /* LOG */; };
		BEA2726016F0232200CE9B8E /* bbc.lah in Resources */ = {isa = PBXBuildFile; fileRef = BEA2725F16F0232200CE9B8E /* bbc.lah */; };
		BEAAEB1716EA172700A4A37B /* LAHInterpreter.m in Sources */ = {isa = PBXBuildFile; fileRef = BEAAEB1616EA172700A4A37B /* LAHInterpreter.m */; };
		BEB0617A16C50908003AA16F /* CFNetwork.framework in Frameworks */ = {isa = PBXBuildFile; fileRef = BE93F0FE16C5074C008C3B3F /* CFNetwork.framework */; };
		BEB0617B16C5090D003AA16F /* Security.framework in Frameworks */ = {isa = PBXBuildFile; fileRef = BE93F11716C507B9008C3B3F /* Security.framework */; };
		BEB0617C16C50912003AA16F /* SystemConfiguration.framework in Frameworks */ = {isa = PBXBuildFile; fileRef = BE93F10116C50764008C3B3F /* SystemConfiguration.framework */; };
		BEBDD99216D364E30065C9AD /* LAHVoaNews.m in Sources */ = {isa = PBXBuildFile; fileRef = BEBDD99116D364E30065C9AD /* LAHVoaNews.m */; };
		BED1EFFE16D621E3008F91E8 /* LAHArray.m in Sources */ = {isa = PBXBuildFile; fileRef = BED1EFFD16D621E3008F91E8 /* LAHArray.m */; };
		BED1F00116D621F0008F91E8 /* LAHDictionary.m in Sources */ = {isa = PBXBuildFile; fileRef = BED1F00016D621F0008F91E8 /* LAHDictionary.m */; };
		BED1F00416D62219008F91E8 /* LAHFetcher.m in Sources */ = {isa = PBXBuildFile; fileRef = BED1F00316D62219008F91E8 /* LAHFetcher.m */; };
		BED8CFF616BFAE5A001D819C /* SenTestingKit.framework in Frameworks */ = {isa = PBXBuildFile; fileRef = BEDD18DC16BF976F009825E8 /* SenTestingKit.framework */; };
		BED8CFF816BFAE5A001D819C /* Foundation.framework in Frameworks */ = {isa = PBXBuildFile; fileRef = BEDD18CD16BF976F009825E8 /* Foundation.framework */; };
		BED8CFFE16BFAE5A001D819C /* InfoPlist.strings in Resources */ = {isa = PBXBuildFile; fileRef = BED8CFFC16BFAE5A001D819C /* InfoPlist.strings */; };
		BED8D00116BFAE5A001D819C /* Lazy_API_with_HTML_LogicTests.m in Sources */ = {isa = PBXBuildFile; fileRef = BED8D00016BFAE5A001D819C /* Lazy_API_with_HTML_LogicTests.m */; };
		BED8D00716BFB1CB001D819C /* voa.html in Resources */ = {isa = PBXBuildFile; fileRef = BED8D00616BFB1CB001D819C /* voa.html */; };
		BEDD18CE16BF976F009825E8 /* Foundation.framework in Frameworks */ = {isa = PBXBuildFile; fileRef = BEDD18CD16BF976F009825E8 /* Foundation.framework */; };
		BEE351E716C5096E0013C3AD /* libxml2.2.dylib in Frameworks */ = {isa = PBXBuildFile; fileRef = BEE351E616C5096E0013C3AD /* libxml2.2.dylib */; };
/* End PBXBuildFile section */

/* Begin PBXCopyFilesBuildPhase section */
		BE93F0C216C502DE008C3B3F /* CopyFiles */ = {
			isa = PBXCopyFilesBuildPhase;
			buildActionMask = 2147483647;
			dstPath = "include/${PRODUCT_NAME}";
			dstSubfolderSpec = 16;
			files = (
				BE93F0CA16C502DF008C3B3F /* LAH_MKNetwork_Hpple.h in CopyFiles */,
			);
			runOnlyForDeploymentPostprocessing = 0;
		};
		BEDD18C816BF976F009825E8 /* CopyFiles */ = {
			isa = PBXCopyFilesBuildPhase;
			buildActionMask = 2147483647;
			dstPath = "include/${PRODUCT_NAME}";
			dstSubfolderSpec = 16;
			files = (
			);
			runOnlyForDeploymentPostprocessing = 0;
		};
/* End PBXCopyFilesBuildPhase section */

/* Begin PBXFileReference section */
		BE21217D16C4B782007ED374 /* LAHManager.h */ = {isa = PBXFileReference; fileEncoding = 4; lastKnownFileType = sourcecode.c.h; path = LAHManager.h; sourceTree = "<group>"; };
		BE21217E16C4B782007ED374 /* LAHManager.m */ = {isa = PBXFileReference; fileEncoding = 4; lastKnownFileType = sourcecode.c.objc; path = LAHManager.m; sourceTree = "<group>"; };
		BE71B25C16C1F9D4005AD9D7 /* LAHDemo.app */ = {isa = PBXFileReference; explicitFileType = wrapper.application; includeInIndex = 0; path = LAHDemo.app; sourceTree = BUILT_PRODUCTS_DIR; };
		BE71B25E16C1F9D4005AD9D7 /* UIKit.framework */ = {isa = PBXFileReference; lastKnownFileType = wrapper.framework; name = UIKit.framework; path = System/Library/Frameworks/UIKit.framework; sourceTree = SDKROOT; };
		BE71B26116C1F9D4005AD9D7 /* CoreGraphics.framework */ = {isa = PBXFileReference; lastKnownFileType = wrapper.framework; name = CoreGraphics.framework; path = System/Library/Frameworks/CoreGraphics.framework; sourceTree = SDKROOT; };
		BE71B26516C1F9D4005AD9D7 /* LAHDemo-Info.plist */ = {isa = PBXFileReference; lastKnownFileType = text.plist.xml; path = "LAHDemo-Info.plist"; sourceTree = "<group>"; };
		BE71B26716C1F9D4005AD9D7 /* en */ = {isa = PBXFileReference; lastKnownFileType = text.plist.strings; name = en; path = en.lproj/InfoPlist.strings; sourceTree = "<group>"; };
		BE71B26916C1F9D4005AD9D7 /* main.m */ = {isa = PBXFileReference; lastKnownFileType = sourcecode.c.objc; path = main.m; sourceTree = "<group>"; };
		BE71B26B16C1F9D4005AD9D7 /* LAHDemo-Prefix.pch */ = {isa = PBXFileReference; lastKnownFileType = sourcecode.c.h; path = "LAHDemo-Prefix.pch"; sourceTree = "<group>"; };
		BE71B26C16C1F9D4005AD9D7 /* AppDelegate.h */ = {isa = PBXFileReference; lastKnownFileType = sourcecode.c.h; path = AppDelegate.h; sourceTree = "<group>"; };
		BE71B26D16C1F9D4005AD9D7 /* AppDelegate.m */ = {isa = PBXFileReference; lastKnownFileType = sourcecode.c.objc; path = AppDelegate.m; sourceTree = "<group>"; };
		BE71B26F16C1F9D4005AD9D7 /* Default.png */ = {isa = PBXFileReference; lastKnownFileType = image.png; path = Default.png; sourceTree = "<group>"; };
		BE71B27116C1F9D4005AD9D7 /* Default@2x.png */ = {isa = PBXFileReference; lastKnownFileType = image.png; path = "Default@2x.png"; sourceTree = "<group>"; };
		BE71B27316C1F9D4005AD9D7 /* Default-568h@2x.png */ = {isa = PBXFileReference; lastKnownFileType = image.png; path = "Default-568h@2x.png"; sourceTree = "<group>"; };
		BE71B27516C1F9D4005AD9D7 /* ViewController.h */ = {isa = PBXFileReference; lastKnownFileType = sourcecode.c.h; path = ViewController.h; sourceTree = "<group>"; };
		BE71B27616C1F9D4005AD9D7 /* ViewController.m */ = {isa = PBXFileReference; lastKnownFileType = sourcecode.c.objc; path = ViewController.m; sourceTree = "<group>"; };
		BE71B27916C1F9D4005AD9D7 /* en */ = {isa = PBXFileReference; lastKnownFileType = file.xib; name = en; path = en.lproj/ViewController.xib; sourceTree = "<group>"; };
		BE93F0BC16C4FCDB008C3B3F /* LAH51voa.h */ = {isa = PBXFileReference; fileEncoding = 4; lastKnownFileType = sourcecode.c.h; path = LAH51voa.h; sourceTree = "<group>"; };
		BE93F0BD16C4FCDB008C3B3F /* LAH51voa.m */ = {isa = PBXFileReference; fileEncoding = 4; lastKnownFileType = sourcecode.c.objc; path = LAH51voa.m; sourceTree = "<group>"; };
		BE93F0C416C502DE008C3B3F /* libLAH_MKNetwork_Hpple.a */ = {isa = PBXFileReference; explicitFileType = archive.ar; includeInIndex = 0; path = libLAH_MKNetwork_Hpple.a; sourceTree = BUILT_PRODUCTS_DIR; };
		BE93F0C816C502DF008C3B3F /* LAH_MKNetwork_Hpple-Prefix.pch */ = {isa = PBXFileReference; lastKnownFileType = sourcecode.c.h; path = "LAH_MKNetwork_Hpple-Prefix.pch"; sourceTree = "<group>"; };
		BE93F0C916C502DF008C3B3F /* LAH_MKNetwork_Hpple.h */ = {isa = PBXFileReference; lastKnownFileType = sourcecode.c.h; path = LAH_MKNetwork_Hpple.h; sourceTree = "<group>"; };
		BE93F0CB16C502DF008C3B3F /* LAH_MKNetwork_Hpple.m */ = {isa = PBXFileReference; lastKnownFileType = sourcecode.c.objc; path = LAH_MKNetwork_Hpple.m; sourceTree = "<group>"; };
		BE93F0D116C5033A008C3B3F /* libTFHpple.a */ = {isa = PBXFileReference; lastKnownFileType = archive.ar; path = libTFHpple.a; sourceTree = "<group>"; };
		BE93F0D216C5033A008C3B3F /* TFHpple.h */ = {isa = PBXFileReference; fileEncoding = 4; lastKnownFileType = sourcecode.c.h; path = TFHpple.h; sourceTree = "<group>"; };
		BE93F0D316C5033A008C3B3F /* TFHppleElement.h */ = {isa = PBXFileReference; fileEncoding = 4; lastKnownFileType = sourcecode.c.h; path = TFHppleElement.h; sourceTree = "<group>"; };
		BE93F0D616C5033A008C3B3F /* NSAlert+MKNetworkKitAdditions.h */ = {isa = PBXFileReference; fileEncoding = 4; lastKnownFileType = sourcecode.c.h; path = "NSAlert+MKNetworkKitAdditions.h"; sourceTree = "<group>"; };
		BE93F0D716C5033A008C3B3F /* NSData+MKBase64.h */ = {isa = PBXFileReference; fileEncoding = 4; lastKnownFileType = sourcecode.c.h; path = "NSData+MKBase64.h"; sourceTree = "<group>"; };
		BE93F0D816C5033A008C3B3F /* NSDate+RFC1123.h */ = {isa = PBXFileReference; fileEncoding = 4; lastKnownFileType = sourcecode.c.h; path = "NSDate+RFC1123.h"; sourceTree = "<group>"; };
		BE93F0D916C5033A008C3B3F /* NSDictionary+RequestEncoding.h */ = {isa = PBXFileReference; fileEncoding = 4; lastKnownFileType = sourcecode.c.h; path = "NSDictionary+RequestEncoding.h"; sourceTree = "<group>"; };
		BE93F0DA16C5033A008C3B3F /* NSString+MKNetworkKitAdditions.h */ = {isa = PBXFileReference; fileEncoding = 4; lastKnownFileType = sourcecode.c.h; path = "NSString+MKNetworkKitAdditions.h"; sourceTree = "<group>"; };
		BE93F0DB16C5033A008C3B3F /* UIAlertView+MKNetworkKitAdditions.h */ = {isa = PBXFileReference; fileEncoding = 4; lastKnownFileType = sourcecode.c.h; path = "UIAlertView+MKNetworkKitAdditions.h"; sourceTree = "<group>"; };
		BE93F0DC16C5033A008C3B3F /* UIImageView+MKNetworkKitAdditions.h */ = {isa = PBXFileReference; fileEncoding = 4; lastKnownFileType = sourcecode.c.h; path = "UIImageView+MKNetworkKitAdditions.h"; sourceTree = "<group>"; };
		BE93F0DE16C5033A008C3B3F /* MKNetworkEngine.h */ = {isa = PBXFileReference; fileEncoding = 4; lastKnownFileType = sourcecode.c.h; path = MKNetworkEngine.h; sourceTree = "<group>"; };
		BE93F0DF16C5033A008C3B3F /* MKNetworkKit.h */ = {isa = PBXFileReference; fileEncoding = 4; lastKnownFileType = sourcecode.c.h; path = MKNetworkKit.h; sourceTree = "<group>"; };
		BE93F0E016C5033A008C3B3F /* MKNetworkOperation.h */ = {isa = PBXFileReference; fileEncoding = 4; lastKnownFileType = sourcecode.c.h; path = MKNetworkOperation.h; sourceTree = "<group>"; };
		BE93F0E216C5033A008C3B3F /* Reachability.h */ = {isa = PBXFileReference; fileEncoding = 4; lastKnownFileType = sourcecode.c.h; path = Reachability.h; sourceTree = "<group>"; };
		BE93F0FE16C5074C008C3B3F /* CFNetwork.framework */ = {isa = PBXFileReference; lastKnownFileType = wrapper.framework; name = CFNetwork.framework; path = System/Library/Frameworks/CFNetwork.framework; sourceTree = SDKROOT; };
		BE93F10116C50764008C3B3F /* SystemConfiguration.framework */ = {isa = PBXFileReference; lastKnownFileType = wrapper.framework; name = SystemConfiguration.framework; path = System/Library/Frameworks/SystemConfiguration.framework; sourceTree = SDKROOT; };
		BE93F11716C507B9008C3B3F /* Security.framework */ = {isa = PBXFileReference; lastKnownFileType = wrapper.framework; name = Security.framework; path = System/Library/Frameworks/Security.framework; sourceTree = SDKROOT; };
		BE94BB1816C11D9E002AF23E /* LAHNode.h */ = {isa = PBXFileReference; fileEncoding = 4; lastKnownFileType = sourcecode.c.h; path = LAHNode.h; sourceTree = "<group>"; };
		BE94BB1916C11D9E002AF23E /* LAHNode.m */ = {isa = PBXFileReference; fileEncoding = 4; lastKnownFileType = sourcecode.c.objc; path = LAHNode.m; sourceTree = "<group>"; };
		BE94BB1C16C11DB4002AF23E /* LAHOperation.h */ = {isa = PBXFileReference; fileEncoding = 4; lastKnownFileType = sourcecode.c.h; path = LAHOperation.h; sourceTree = "<group>"; };
		BE94BB1D16C11DB4002AF23E /* LAHOperation.m */ = {isa = PBXFileReference; fileEncoding = 4; lastKnownFileType = sourcecode.c.objc; path = LAHOperation.m; sourceTree = "<group>"; };
		BE94BB2016C11DE9002AF23E /* LAHRecognizer.h */ = {isa = PBXFileReference; fileEncoding = 4; lastKnownFileType = sourcecode.c.h; path = LAHRecognizer.h; sourceTree = "<group>"; };
		BE94BB2116C11DE9002AF23E /* LAHRecognizer.m */ = {isa = PBXFileReference; fileEncoding = 4; lastKnownFileType = sourcecode.c.objc; path = LAHRecognizer.m; sourceTree = "<group>"; };
		BE94BB2816C11E17002AF23E /* LAHDownloader.h */ = {isa = PBXFileReference; fileEncoding = 4; lastKnownFileType = sourcecode.c.h; path = LAHDownloader.h; sourceTree = "<group>"; };
		BE94BB2916C11E17002AF23E /* LAHDownloader.m */ = {isa = PBXFileReference; fileEncoding = 4; lastKnownFileType = sourcecode.c.objc; path = LAHDownloader.m; sourceTree = "<group>"; };
		BE95AE8A16E57A6E008D5A88 /* LAHManagerEnhance.h */ = {isa = PBXFileReference; fileEncoding = 4; lastKnownFileType = sourcecode.c.h; path = LAHManagerEnhance.h; sourceTree = "<group>"; };
		BE95AE8B16E57A6E008D5A88 /* LAHManagerEnhance.m */ = {isa = PBXFileReference; fileEncoding = 4; lastKnownFileType = sourcecode.c.objc; path = LAHManagerEnhance.m; sourceTree = "<group>"; };
		BE96730C16F5F2CA00AD3913 /* 51VOAItem.lah */ = {isa = PBXFileReference; fileEncoding = 4; lastKnownFileType = text; path = 51VOAItem.lah; sourceTree = "<group>"; };
		BE98178216EB16E100FE93DE /* voa.lah */ = {isa = PBXFileReference; fileEncoding = 4; lastKnownFileType = text; path = voa.lah; sourceTree = "<group>"; };
		BE98178416EB21DA00FE93DE /* LAHParser.h */ = {isa = PBXFileReference; fileEncoding = 4; lastKnownFileType = sourcecode.c.h; path = LAHParser.h; sourceTree = "<group>"; };
		BE98178516EB21DA00FE93DE /* LAHParser.m */ = {isa = PBXFileReference; fileEncoding = 4; lastKnownFileType = sourcecode.c.objc; path = LAHParser.m; sourceTree = "<group>"; };
		BE98178716EB2AD500FE93DE /* LAHStmt.h */ = {isa = PBXFileReference; fileEncoding = 4; lastKnownFileType = sourcecode.c.h; path = LAHStmt.h; sourceTree = "<group>"; };
		BE98178816EB2AD500FE93DE /* LAHStmt.m */ = {isa = PBXFileReference; fileEncoding = 4; lastKnownFileType = sourcecode.c.objc; path = LAHStmt.m; sourceTree = "<group>"; };
		BE9ABC0E16F32BB7001B0465 /* 51VOA.lah */ = {isa = PBXFileReference; fileEncoding = 4; lastKnownFileType = text; path = 51VOA.lah; sourceTree = "<group>"; };
		BE9C96CD16CE79A8000BC31F /* LAHConstruct.h */ = {isa = PBXFileReference; fileEncoding = 4; lastKnownFileType = sourcecode.c.h; path = LAHConstruct.h; sourceTree = "<group>"; };
		BE9C96CE16CE79A8000BC31F /* LAHConstruct.m */ = {isa = PBXFileReference; fileEncoding = 4; lastKnownFileType = sourcecode.c.objc; path = LAHConstruct.m; sourceTree = "<group>"; };
		BE9E221516C528D9004EF814 /* libMKNetworkKit-iOS.a */ = {isa = PBXFileReference; lastKnownFileType = archive.ar; path = "libMKNetworkKit-iOS.a"; sourceTree = "<group>"; };
		BE9F6A4116EABBD6007C7EBB /* LAHToken.h */ = {isa = PBXFileReference; fileEncoding = 4; lastKnownFileType = sourcecode.c.h; path = LAHToken.h; sourceTree = "<group>"; };
		BE9F6A4216EABBD6007C7EBB /* LAHToken.m */ = {isa = PBXFileReference; fileEncoding = 4; lastKnownFileType = sourcecode.c.objc; path = LAHToken.m; sourceTree = "<group>"; };
		BEA0533D16E9CD7E000A7958 /* LAHInterface.h */ = {isa = PBXFileReference; fileEncoding = 4; lastKnownFileType = sourcecode.c.h; path = LAHInterface.h; sourceTree = "<group>"; };
		BEA0533E16E9CD7F000A7958 /* LAHInterface.m */ = {isa = PBXFileReference; fileEncoding = 4; lastKnownFileType = sourcecode.c.objc; path = LAHInterface.m; sourceTree = "<group>"; };
		BEA0A60916EDE96D0057FCB6 /* LOG */ = {isa = PBXFileReference; fileEncoding = 4; lastKnownFileType = text; path = LOG; sourceTree = "<group>"; };
		BEA2725F16F0232200CE9B8E /* bbc.lah */ = {isa = PBXFileReference; fileEncoding = 4; lastKnownFileType = text; path = bbc.lah; sourceTree = "<group>"; };
		BEAAEB1516EA172700A4A37B /* LAHInterpreter.h */ = {isa = PBXFileReference; fileEncoding = 4; lastKnownFileType = sourcecode.c.h; path = LAHInterpreter.h; sourceTree = "<group>"; };
		BEAAEB1616EA172700A4A37B /* LAHInterpreter.m */ = {isa = PBXFileReference; fileEncoding = 4; lastKnownFileType = sourcecode.c.objc; path = LAHInterpreter.m; sourceTree = "<group>"; };
		BEBDD99016D364E30065C9AD /* LAHVoaNews.h */ = {isa = PBXFileReference; fileEncoding = 4; lastKnownFileType = sourcecode.c.h; path = LAHVoaNews.h; sourceTree = "<group>"; };
		BEBDD99116D364E30065C9AD /* LAHVoaNews.m */ = {isa = PBXFileReference; fileEncoding = 4; lastKnownFileType = sourcecode.c.objc; path = LAHVoaNews.m; sourceTree = "<group>"; };
		BEBDD99316D365F50065C9AD /* LAHHeaders.h */ = {isa = PBXFileReference; lastKnownFileType = sourcecode.c.h; path = LAHHeaders.h; sourceTree = "<group>"; };
		BED1EFFC16D621E3008F91E8 /* LAHArray.h */ = {isa = PBXFileReference; fileEncoding = 4; lastKnownFileType = sourcecode.c.h; path = LAHArray.h; sourceTree = "<group>"; };
		BED1EFFD16D621E3008F91E8 /* LAHArray.m */ = {isa = PBXFileReference; fileEncoding = 4; lastKnownFileType = sourcecode.c.objc; path = LAHArray.m; sourceTree = "<group>"; };
		BED1EFFF16D621F0008F91E8 /* LAHDictionary.h */ = {isa = PBXFileReference; fileEncoding = 4; lastKnownFileType = sourcecode.c.h; path = LAHDictionary.h; sourceTree = "<group>"; };
		BED1F00016D621F0008F91E8 /* LAHDictionary.m */ = {isa = PBXFileReference; fileEncoding = 4; lastKnownFileType = sourcecode.c.objc; path = LAHDictionary.m; sourceTree = "<group>"; };
		BED1F00216D62219008F91E8 /* LAHFetcher.h */ = {isa = PBXFileReference; fileEncoding = 4; lastKnownFileType = sourcecode.c.h; path = LAHFetcher.h; sourceTree = "<group>"; };
		BED1F00316D62219008F91E8 /* LAHFetcher.m */ = {isa = PBXFileReference; fileEncoding = 4; lastKnownFileType = sourcecode.c.objc; path = LAHFetcher.m; sourceTree = "<group>"; };
		BED8CFF516BFAE5A001D819C /* Lazy_API_with_HTML_LogicTests.octest */ = {isa = PBXFileReference; explicitFileType = wrapper.cfbundle; includeInIndex = 0; path = Lazy_API_with_HTML_LogicTests.octest; sourceTree = BUILT_PRODUCTS_DIR; };
		BED8CFFB16BFAE5A001D819C /* Lazy_API_with_HTML_LogicTests-Info.plist */ = {isa = PBXFileReference; lastKnownFileType = text.plist.xml; path = "Lazy_API_with_HTML_LogicTests-Info.plist"; sourceTree = "<group>"; };
		BED8CFFD16BFAE5A001D819C /* en */ = {isa = PBXFileReference; lastKnownFileType = text.plist.strings; name = en; path = en.lproj/InfoPlist.strings; sourceTree = "<group>"; };
		BED8CFFF16BFAE5A001D819C /* Lazy_API_with_HTML_LogicTests.h */ = {isa = PBXFileReference; lastKnownFileType = sourcecode.c.h; path = Lazy_API_with_HTML_LogicTests.h; sourceTree = "<group>"; };
		BED8D00016BFAE5A001D819C /* Lazy_API_with_HTML_LogicTests.m */ = {isa = PBXFileReference; lastKnownFileType = sourcecode.c.objc; path = Lazy_API_with_HTML_LogicTests.m; sourceTree = "<group>"; };
		BED8D00216BFAE5A001D819C /* Lazy_API_with_HTML_LogicTests-Prefix.pch */ = {isa = PBXFileReference; lastKnownFileType = sourcecode.c.h; path = "Lazy_API_with_HTML_LogicTests-Prefix.pch"; sourceTree = "<group>"; };
		BED8D00616BFB1CB001D819C /* voa.html */ = {isa = PBXFileReference; fileEncoding = 4; lastKnownFileType = text.html; path = voa.html; sourceTree = "<group>"; };
		BEDD18CA16BF976F009825E8 /* libLazy_API_with_HTML.a */ = {isa = PBXFileReference; explicitFileType = archive.ar; includeInIndex = 0; path = libLazy_API_with_HTML.a; sourceTree = BUILT_PRODUCTS_DIR; };
		BEDD18CD16BF976F009825E8 /* Foundation.framework */ = {isa = PBXFileReference; lastKnownFileType = wrapper.framework; name = Foundation.framework; path = System/Library/Frameworks/Foundation.framework; sourceTree = SDKROOT; };
		BEDD18D116BF976F009825E8 /* Lazy_API_with_HTML-Prefix.pch */ = {isa = PBXFileReference; lastKnownFileType = sourcecode.c.h; path = "Lazy_API_with_HTML-Prefix.pch"; sourceTree = "<group>"; };
		BEDD18DC16BF976F009825E8 /* SenTestingKit.framework */ = {isa = PBXFileReference; lastKnownFileType = wrapper.framework; name = SenTestingKit.framework; path = Library/Frameworks/SenTestingKit.framework; sourceTree = DEVELOPER_DIR; };
		BEE351E616C5096E0013C3AD /* libxml2.2.dylib */ = {isa = PBXFileReference; lastKnownFileType = "compiled.mach-o.dylib"; name = libxml2.2.dylib; path = usr/lib/libxml2.2.dylib; sourceTree = SDKROOT; };
/* End PBXFileReference section */

/* Begin PBXFrameworksBuildPhase section */
		BE71B25916C1F9D4005AD9D7 /* Frameworks */ = {
			isa = PBXFrameworksBuildPhase;
			buildActionMask = 2147483647;
			files = (
				BE93F0E616C50538008C3B3F /* libLAH_MKNetwork_Hpple.a in Frameworks */,
				BEE351E716C5096E0013C3AD /* libxml2.2.dylib in Frameworks */,
				BEB0617C16C50912003AA16F /* SystemConfiguration.framework in Frameworks */,
				BEB0617B16C5090D003AA16F /* Security.framework in Frameworks */,
				BEB0617A16C50908003AA16F /* CFNetwork.framework in Frameworks */,
				BE71B25F16C1F9D4005AD9D7 /* UIKit.framework in Frameworks */,
				BE71B26016C1F9D4005AD9D7 /* Foundation.framework in Frameworks */,
				BE71B26216C1F9D4005AD9D7 /* CoreGraphics.framework in Frameworks */,
			);
			runOnlyForDeploymentPostprocessing = 0;
		};
		BE93F0C116C502DE008C3B3F /* Frameworks */ = {
			isa = PBXFrameworksBuildPhase;
			buildActionMask = 2147483647;
			files = (
				BE93F0E516C5052F008C3B3F /* libLazy_API_with_HTML.a in Frameworks */,
				BE93F0E316C5033A008C3B3F /* libTFHpple.a in Frameworks */,
				BE93F0C516C502DE008C3B3F /* Foundation.framework in Frameworks */,
				BE9E221616C528D9004EF814 /* libMKNetworkKit-iOS.a in Frameworks */,
			);
			runOnlyForDeploymentPostprocessing = 0;
		};
		BED8CFF116BFAE5A001D819C /* Frameworks */ = {
			isa = PBXFrameworksBuildPhase;
			buildActionMask = 2147483647;
			files = (
				BE8E785116BFC73800FAE32B /* libLazy_API_with_HTML.a in Frameworks */,
				BED8CFF616BFAE5A001D819C /* SenTestingKit.framework in Frameworks */,
				BED8CFF816BFAE5A001D819C /* Foundation.framework in Frameworks */,
			);
			runOnlyForDeploymentPostprocessing = 0;
		};
		BEDD18C716BF976F009825E8 /* Frameworks */ = {
			isa = PBXFrameworksBuildPhase;
			buildActionMask = 2147483647;
			files = (
				BEDD18CE16BF976F009825E8 /* Foundation.framework in Frameworks */,
			);
			runOnlyForDeploymentPostprocessing = 0;
		};
/* End PBXFrameworksBuildPhase section */

/* Begin PBXGroup section */
		BE71B26316C1F9D4005AD9D7 /* LAHDemo */ = {
			isa = PBXGroup;
			children = (
				BE71B26C16C1F9D4005AD9D7 /* AppDelegate.h */,
				BE71B26D16C1F9D4005AD9D7 /* AppDelegate.m */,
				BE71B27516C1F9D4005AD9D7 /* ViewController.h */,
				BE71B27616C1F9D4005AD9D7 /* ViewController.m */,
				BE93F0BC16C4FCDB008C3B3F /* LAH51voa.h */,
				BE93F0BD16C4FCDB008C3B3F /* LAH51voa.m */,
				BEBDD99016D364E30065C9AD /* LAHVoaNews.h */,
				BEBDD99116D364E30065C9AD /* LAHVoaNews.m */,
				BE71B27816C1F9D4005AD9D7 /* ViewController.xib */,
				BE98178216EB16E100FE93DE /* voa.lah */,
				BEA0A60916EDE96D0057FCB6 /* LOG */,
				BEA2725F16F0232200CE9B8E /* bbc.lah */,
				BE9ABC0E16F32BB7001B0465 /* 51VOA.lah */,
				BE96730C16F5F2CA00AD3913 /* 51VOAItem.lah */,
				BE71B26416C1F9D4005AD9D7 /* Supporting Files */,
			);
			path = LAHDemo;
			sourceTree = "<group>";
		};
		BE71B26416C1F9D4005AD9D7 /* Supporting Files */ = {
			isa = PBXGroup;
			children = (
				BE71B26516C1F9D4005AD9D7 /* LAHDemo-Info.plist */,
				BE71B26616C1F9D4005AD9D7 /* InfoPlist.strings */,
				BE71B26916C1F9D4005AD9D7 /* main.m */,
				BE71B26B16C1F9D4005AD9D7 /* LAHDemo-Prefix.pch */,
				BE71B26F16C1F9D4005AD9D7 /* Default.png */,
				BE71B27116C1F9D4005AD9D7 /* Default@2x.png */,
				BE71B27316C1F9D4005AD9D7 /* Default-568h@2x.png */,
			);
			name = "Supporting Files";
			sourceTree = "<group>";
		};
		BE93F0C616C502DE008C3B3F /* LAH_MKNetwork_Hpple */ = {
			isa = PBXGroup;
			children = (
				BE93F0D016C5033A008C3B3F /* Hpple */,
				BE93F0D416C5033A008C3B3F /* MKNetworkKit-iOS */,
				BE95AE8A16E57A6E008D5A88 /* LAHManagerEnhance.h */,
				BE95AE8B16E57A6E008D5A88 /* LAHManagerEnhance.m */,
				BE93F0C916C502DF008C3B3F /* LAH_MKNetwork_Hpple.h */,
				BE93F0CB16C502DF008C3B3F /* LAH_MKNetwork_Hpple.m */,
				BE93F0C716C502DF008C3B3F /* Supporting Files */,
			);
			path = LAH_MKNetwork_Hpple;
			sourceTree = "<group>";
		};
		BE93F0C716C502DF008C3B3F /* Supporting Files */ = {
			isa = PBXGroup;
			children = (
				BE93F0C816C502DF008C3B3F /* LAH_MKNetwork_Hpple-Prefix.pch */,
			);
			name = "Supporting Files";
			sourceTree = "<group>";
		};
		BE93F0D016C5033A008C3B3F /* Hpple */ = {
			isa = PBXGroup;
			children = (
				BE93F0D116C5033A008C3B3F /* libTFHpple.a */,
				BE93F0D216C5033A008C3B3F /* TFHpple.h */,
				BE93F0D316C5033A008C3B3F /* TFHppleElement.h */,
			);
			path = Hpple;
			sourceTree = "<group>";
		};
		BE93F0D416C5033A008C3B3F /* MKNetworkKit-iOS */ = {
			isa = PBXGroup;
			children = (
				BE93F0D516C5033A008C3B3F /* Categories */,
				BE93F0DE16C5033A008C3B3F /* MKNetworkEngine.h */,
				BE93F0DF16C5033A008C3B3F /* MKNetworkKit.h */,
				BE93F0E016C5033A008C3B3F /* MKNetworkOperation.h */,
				BE9E221516C528D9004EF814 /* libMKNetworkKit-iOS.a */,
				BE93F0E116C5033A008C3B3F /* Reachability */,
			);
			path = "MKNetworkKit-iOS";
			sourceTree = "<group>";
		};
		BE93F0D516C5033A008C3B3F /* Categories */ = {
			isa = PBXGroup;
			children = (
				BE93F0D616C5033A008C3B3F /* NSAlert+MKNetworkKitAdditions.h */,
				BE93F0D716C5033A008C3B3F /* NSData+MKBase64.h */,
				BE93F0D816C5033A008C3B3F /* NSDate+RFC1123.h */,
				BE93F0D916C5033A008C3B3F /* NSDictionary+RequestEncoding.h */,
				BE93F0DA16C5033A008C3B3F /* NSString+MKNetworkKitAdditions.h */,
				BE93F0DB16C5033A008C3B3F /* UIAlertView+MKNetworkKitAdditions.h */,
				BE93F0DC16C5033A008C3B3F /* UIImageView+MKNetworkKitAdditions.h */,
			);
			path = Categories;
			sourceTree = "<group>";
		};
		BE93F0E116C5033A008C3B3F /* Reachability */ = {
			isa = PBXGroup;
			children = (
				BE93F0E216C5033A008C3B3F /* Reachability.h */,
			);
			path = Reachability;
			sourceTree = "<group>";
		};
		BE9F6A3E16EABBB4007C7EBB /* LAHInterpreter */ = {
			isa = PBXGroup;
			children = (
				BEAAEB1516EA172700A4A37B /* LAHInterpreter.h */,
				BEAAEB1616EA172700A4A37B /* LAHInterpreter.m */,
				BE9F6A4116EABBD6007C7EBB /* LAHToken.h */,
				BE9F6A4216EABBD6007C7EBB /* LAHToken.m */,
				BE98178416EB21DA00FE93DE /* LAHParser.h */,
				BE98178516EB21DA00FE93DE /* LAHParser.m */,
				BE98178716EB2AD500FE93DE /* LAHStmt.h */,
				BE98178816EB2AD500FE93DE /* LAHStmt.m */,
			);
			name = LAHInterpreter;
			sourceTree = "<group>";
		};
		BEAAEB1416EA16B000A4A37B /* LAHRule */ = {
			isa = PBXGroup;
			children = (
				BE94BB1C16C11DB4002AF23E /* LAHOperation.h */,
				BE94BB1D16C11DB4002AF23E /* LAHOperation.m */,
				BE94BB2816C11E17002AF23E /* LAHDownloader.h */,
				BE94BB2916C11E17002AF23E /* LAHDownloader.m */,
				BE94BB2016C11DE9002AF23E /* LAHRecognizer.h */,
				BE94BB2116C11DE9002AF23E /* LAHRecognizer.m */,
			);
			name = LAHRule;
			sourceTree = "<group>";
		};
		BED1EFFB16D621BE008F91E8 /* LAHConstruct */ = {
			isa = PBXGroup;
			children = (
				BE9C96CD16CE79A8000BC31F /* LAHConstruct.h */,
				BE9C96CE16CE79A8000BC31F /* LAHConstruct.m */,
				BED1EFFC16D621E3008F91E8 /* LAHArray.h */,
				BED1EFFD16D621E3008F91E8 /* LAHArray.m */,
				BED1EFFF16D621F0008F91E8 /* LAHDictionary.h */,
				BED1F00016D621F0008F91E8 /* LAHDictionary.m */,
				BED1F00216D62219008F91E8 /* LAHFetcher.h */,
				BED1F00316D62219008F91E8 /* LAHFetcher.m */,
			);
			name = LAHConstruct;
			sourceTree = "<group>";
		};
		BED8CFF916BFAE5A001D819C /* Lazy_API_with_HTML_LogicTests */ = {
			isa = PBXGroup;
			children = (
				BED8D00616BFB1CB001D819C /* voa.html */,
				BED8CFFF16BFAE5A001D819C /* Lazy_API_with_HTML_LogicTests.h */,
				BED8D00016BFAE5A001D819C /* Lazy_API_with_HTML_LogicTests.m */,
				BED8CFFA16BFAE5A001D819C /* Supporting Files */,
			);
			path = Lazy_API_with_HTML_LogicTests;
			sourceTree = "<group>";
		};
		BED8CFFA16BFAE5A001D819C /* Supporting Files */ = {
			isa = PBXGroup;
			children = (
				BED8CFFB16BFAE5A001D819C /* Lazy_API_with_HTML_LogicTests-Info.plist */,
				BED8CFFC16BFAE5A001D819C /* InfoPlist.strings */,
				BED8D00216BFAE5A001D819C /* Lazy_API_with_HTML_LogicTests-Prefix.pch */,
			);
			name = "Supporting Files";
			sourceTree = "<group>";
		};
		BEDD18BF16BF976F009825E8 = {
			isa = PBXGroup;
			children = (
				BEDD18CF16BF976F009825E8 /* Lazy_API_with_HTML */,
				BE93F0C616C502DE008C3B3F /* LAH_MKNetwork_Hpple */,
				BE71B26316C1F9D4005AD9D7 /* LAHDemo */,
				BED8CFF916BFAE5A001D819C /* Lazy_API_with_HTML_LogicTests */,
				BEDD18CC16BF976F009825E8 /* Frameworks */,
				BEDD18CB16BF976F009825E8 /* Products */,
			);
			sourceTree = "<group>";
		};
		BEDD18CB16BF976F009825E8 /* Products */ = {
			isa = PBXGroup;
			children = (
				BEDD18CA16BF976F009825E8 /* libLazy_API_with_HTML.a */,
				BED8CFF516BFAE5A001D819C /* Lazy_API_with_HTML_LogicTests.octest */,
				BE71B25C16C1F9D4005AD9D7 /* LAHDemo.app */,
				BE93F0C416C502DE008C3B3F /* libLAH_MKNetwork_Hpple.a */,
			);
			name = Products;
			sourceTree = "<group>";
		};
		BEDD18CC16BF976F009825E8 /* Frameworks */ = {
			isa = PBXGroup;
			children = (
				BEE351E616C5096E0013C3AD /* libxml2.2.dylib */,
				BE93F11716C507B9008C3B3F /* Security.framework */,
				BE93F10116C50764008C3B3F /* SystemConfiguration.framework */,
				BE93F0FE16C5074C008C3B3F /* CFNetwork.framework */,
				BEDD18CD16BF976F009825E8 /* Foundation.framework */,
				BEDD18DC16BF976F009825E8 /* SenTestingKit.framework */,
				BE71B25E16C1F9D4005AD9D7 /* UIKit.framework */,
				BE71B26116C1F9D4005AD9D7 /* CoreGraphics.framework */,
			);
			name = Frameworks;
			sourceTree = "<group>";
		};
		BEDD18CF16BF976F009825E8 /* Lazy_API_with_HTML */ = {
			isa = PBXGroup;
			children = (
				BEBDD99316D365F50065C9AD /* LAHHeaders.h */,
				BEA0533D16E9CD7E000A7958 /* LAHInterface.h */,
				BEA0533E16E9CD7F000A7958 /* LAHInterface.m */,
				BE21217D16C4B782007ED374 /* LAHManager.h */,
				BE21217E16C4B782007ED374 /* LAHManager.m */,
				BEE2183E16F074A600276040 /* LAHEntity */,
				BE9F6A3E16EABBB4007C7EBB /* LAHInterpreter */,
				BEDD18D016BF976F009825E8 /* Supporting Files */,
			);
			path = Lazy_API_with_HTML;
			sourceTree = "<group>";
		};
		BEDD18D016BF976F009825E8 /* Supporting Files */ = {
			isa = PBXGroup;
			children = (
				BEDD18D116BF976F009825E8 /* Lazy_API_with_HTML-Prefix.pch */,
			);
			name = "Supporting Files";
			sourceTree = "<group>";
		};
		BEE2183E16F074A600276040 /* LAHEntity */ = {
			isa = PBXGroup;
			children = (
				BEAAEB1416EA16B000A4A37B /* LAHRule */,
				BED1EFFB16D621BE008F91E8 /* LAHConstruct */,
				BE94BB1816C11D9E002AF23E /* LAHNode.h */,
				BE94BB1916C11D9E002AF23E /* LAHNode.m */,
			);
			name = LAHEntity;
			sourceTree = "<group>";
		};
/* End PBXGroup section */

/* Begin PBXNativeTarget section */
		BE71B25B16C1F9D4005AD9D7 /* LAHDemo */ = {
			isa = PBXNativeTarget;
			buildConfigurationList = BE71B27B16C1F9D4005AD9D7 /* Build configuration list for PBXNativeTarget "LAHDemo" */;
			buildPhases = (
				BE71B25816C1F9D4005AD9D7 /* Sources */,
				BE71B25916C1F9D4005AD9D7 /* Frameworks */,
				BE71B25A16C1F9D4005AD9D7 /* Resources */,
			);
			buildRules = (
			);
			dependencies = (
			);
			name = LAHDemo;
			productName = LAHDemo;
			productReference = BE71B25C16C1F9D4005AD9D7 /* LAHDemo.app */;
			productType = "com.apple.product-type.application";
		};
		BE93F0C316C502DE008C3B3F /* LAH_MKNetwork_Hpple */ = {
			isa = PBXNativeTarget;
			buildConfigurationList = BE93F0CD16C502DF008C3B3F /* Build configuration list for PBXNativeTarget "LAH_MKNetwork_Hpple" */;
			buildPhases = (
				BE93F0C016C502DE008C3B3F /* Sources */,
				BE93F0C116C502DE008C3B3F /* Frameworks */,
				BE93F0C216C502DE008C3B3F /* CopyFiles */,
			);
			buildRules = (
			);
			dependencies = (
			);
			name = LAH_MKNetwork_Hpple;
			productName = LAH_MKNetwork_Hpple;
			productReference = BE93F0C416C502DE008C3B3F /* libLAH_MKNetwork_Hpple.a */;
			productType = "com.apple.product-type.library.static";
		};
		BED8CFF416BFAE5A001D819C /* Lazy_API_with_HTML_LogicTests */ = {
			isa = PBXNativeTarget;
			buildConfigurationList = BED8D00316BFAE5A001D819C /* Build configuration list for PBXNativeTarget "Lazy_API_with_HTML_LogicTests" */;
			buildPhases = (
				BED8CFF016BFAE5A001D819C /* Sources */,
				BED8CFF116BFAE5A001D819C /* Frameworks */,
				BED8CFF216BFAE5A001D819C /* Resources */,
				BED8CFF316BFAE5A001D819C /* ShellScript */,
			);
			buildRules = (
			);
			dependencies = (
			);
			name = Lazy_API_with_HTML_LogicTests;
			productName = Lazy_API_with_HTML_LogicTests;
			productReference = BED8CFF516BFAE5A001D819C /* Lazy_API_with_HTML_LogicTests.octest */;
			productType = "com.apple.product-type.bundle";
		};
		BEDD18C916BF976F009825E8 /* Lazy_API_with_HTML */ = {
			isa = PBXNativeTarget;
			buildConfigurationList = BEDD18EF16BF976F009825E8 /* Build configuration list for PBXNativeTarget "Lazy_API_with_HTML" */;
			buildPhases = (
				BEDD18C616BF976F009825E8 /* Sources */,
				BEDD18C716BF976F009825E8 /* Frameworks */,
				BEDD18C816BF976F009825E8 /* CopyFiles */,
			);
			buildRules = (
			);
			dependencies = (
			);
			name = Lazy_API_with_HTML;
			productName = Lazy_API_with_HTML;
			productReference = BEDD18CA16BF976F009825E8 /* libLazy_API_with_HTML.a */;
			productType = "com.apple.product-type.library.static";
		};
/* End PBXNativeTarget section */

/* Begin PBXProject section */
		BEDD18C116BF976F009825E8 /* Project object */ = {
			isa = PBXProject;
			attributes = {
				LastUpgradeCheck = 0450;
				ORGANIZATIONNAME = "Coder Dreamer";
			};
			buildConfigurationList = BEDD18C416BF976F009825E8 /* Build configuration list for PBXProject "Lazy_API_with_HTML" */;
			compatibilityVersion = "Xcode 3.2";
			developmentRegion = English;
			hasScannedForEncodings = 0;
			knownRegions = (
				en,
			);
			mainGroup = BEDD18BF16BF976F009825E8;
			productRefGroup = BEDD18CB16BF976F009825E8 /* Products */;
			projectDirPath = "";
			projectRoot = "";
			targets = (
				BEDD18C916BF976F009825E8 /* Lazy_API_with_HTML */,
				BE93F0C316C502DE008C3B3F /* LAH_MKNetwork_Hpple */,
				BE71B25B16C1F9D4005AD9D7 /* LAHDemo */,
				BED8CFF416BFAE5A001D819C /* Lazy_API_with_HTML_LogicTests */,
			);
		};
/* End PBXProject section */

/* Begin PBXResourcesBuildPhase section */
		BE71B25A16C1F9D4005AD9D7 /* Resources */ = {
			isa = PBXResourcesBuildPhase;
			buildActionMask = 2147483647;
			files = (
				BE71B26816C1F9D4005AD9D7 /* InfoPlist.strings in Resources */,
				BE71B27016C1F9D4005AD9D7 /* Default.png in Resources */,
				BE71B27216C1F9D4005AD9D7 /* Default@2x.png in Resources */,
				BE71B27416C1F9D4005AD9D7 /* Default-568h@2x.png in Resources */,
				BE71B27A16C1F9D4005AD9D7 /* ViewController.xib in Resources */,
				BE98178316EB16E100FE93DE /* voa.lah in Resources */,
				BEA0A60A16EDE96D0057FCB6 /* LOG in Resources */,
				BEA2726016F0232200CE9B8E /* bbc.lah in Resources */,
				BE9ABC0F16F32BB7001B0465 /* 51VOA.lah in Resources */,
				BE96730D16F5F2CA00AD3913 /* 51VOAItem.lah in Resources */,
			);
			runOnlyForDeploymentPostprocessing = 0;
		};
		BED8CFF216BFAE5A001D819C /* Resources */ = {
			isa = PBXResourcesBuildPhase;
			buildActionMask = 2147483647;
			files = (
				BED8CFFE16BFAE5A001D819C /* InfoPlist.strings in Resources */,
				BED8D00716BFB1CB001D819C /* voa.html in Resources */,
			);
			runOnlyForDeploymentPostprocessing = 0;
		};
/* End PBXResourcesBuildPhase section */

/* Begin PBXShellScriptBuildPhase section */
		BED8CFF316BFAE5A001D819C /* ShellScript */ = {
			isa = PBXShellScriptBuildPhase;
			buildActionMask = 2147483647;
			files = (
			);
			inputPaths = (
			);
			outputPaths = (
			);
			runOnlyForDeploymentPostprocessing = 0;
			shellPath = /bin/sh;
			shellScript = "# Run the unit tests in this test bundle.\n\"${SYSTEM_DEVELOPER_DIR}/Tools/RunUnitTests\"\n";
		};
/* End PBXShellScriptBuildPhase section */

/* Begin PBXSourcesBuildPhase section */
		BE71B25816C1F9D4005AD9D7 /* Sources */ = {
			isa = PBXSourcesBuildPhase;
			buildActionMask = 2147483647;
			files = (
				BE71B26A16C1F9D4005AD9D7 /* main.m in Sources */,
				BE71B26E16C1F9D4005AD9D7 /* AppDelegate.m in Sources */,
				BE71B27716C1F9D4005AD9D7 /* ViewController.m in Sources */,
				BE93F0BE16C4FCDB008C3B3F /* LAH51voa.m in Sources */,
				BEBDD99216D364E30065C9AD /* LAHVoaNews.m in Sources */,
			);
			runOnlyForDeploymentPostprocessing = 0;
		};
		BE93F0C016C502DE008C3B3F /* Sources */ = {
			isa = PBXSourcesBuildPhase;
			buildActionMask = 2147483647;
			files = (
				BE93F0CC16C502DF008C3B3F /* LAH_MKNetwork_Hpple.m in Sources */,
				BE95AE8C16E57A6E008D5A88 /* LAHManagerEnhance.m in Sources */,
			);
			runOnlyForDeploymentPostprocessing = 0;
		};
		BED8CFF016BFAE5A001D819C /* Sources */ = {
			isa = PBXSourcesBuildPhase;
			buildActionMask = 2147483647;
			files = (
				BED8D00116BFAE5A001D819C /* Lazy_API_with_HTML_LogicTests.m in Sources */,
				BE94BB1B16C11D9E002AF23E /* LAHNode.m in Sources */,
				BE94BB1F16C11DB4002AF23E /* LAHOperation.m in Sources */,
				BE94BB2316C11DE9002AF23E /* LAHRecognizer.m in Sources */,
				BE94BB2B16C11E17002AF23E /* LAHDownloader.m in Sources */,
			);
			runOnlyForDeploymentPostprocessing = 0;
		};
		BEDD18C616BF976F009825E8 /* Sources */ = {
			isa = PBXSourcesBuildPhase;
			buildActionMask = 2147483647;
			files = (
				BE94BB1A16C11D9E002AF23E /* LAHNode.m in Sources */,
				BE94BB1E16C11DB4002AF23E /* LAHOperation.m in Sources */,
				BE94BB2216C11DE9002AF23E /* LAHRecognizer.m in Sources */,
				BE94BB2A16C11E17002AF23E /* LAHDownloader.m in Sources */,
				BE21217F16C4B782007ED374 /* LAHManager.m in Sources */,
				BE9C96CF16CE79A8000BC31F /* LAHConstruct.m in Sources */,
				BED1EFFE16D621E3008F91E8 /* LAHArray.m in Sources */,
				BED1F00116D621F0008F91E8 /* LAHDictionary.m in Sources */,
				BED1F00416D62219008F91E8 /* LAHFetcher.m in Sources */,
				BEA0533F16E9CD7F000A7958 /* LAHInterface.m in Sources */,
				BEAAEB1716EA172700A4A37B /* LAHInterpreter.m in Sources */,
				BE9F6A4A16EABBD6007C7EBB /* LAHToken.m in Sources */,
				BE98178616EB21DA00FE93DE /* LAHParser.m in Sources */,
				BE98178916EB2AD500FE93DE /* LAHStmt.m in Sources */,
			);
			runOnlyForDeploymentPostprocessing = 0;
		};
/* End PBXSourcesBuildPhase section */

/* Begin PBXVariantGroup section */
		BE71B26616C1F9D4005AD9D7 /* InfoPlist.strings */ = {
			isa = PBXVariantGroup;
			children = (
				BE71B26716C1F9D4005AD9D7 /* en */,
			);
			name = InfoPlist.strings;
			sourceTree = "<group>";
		};
		BE71B27816C1F9D4005AD9D7 /* ViewController.xib */ = {
			isa = PBXVariantGroup;
			children = (
				BE71B27916C1F9D4005AD9D7 /* en */,
			);
			name = ViewController.xib;
			sourceTree = "<group>";
		};
		BED8CFFC16BFAE5A001D819C /* InfoPlist.strings */ = {
			isa = PBXVariantGroup;
			children = (
				BED8CFFD16BFAE5A001D819C /* en */,
			);
			name = InfoPlist.strings;
			sourceTree = "<group>";
		};
/* End PBXVariantGroup section */

/* Begin XCBuildConfiguration section */
		BE71B27C16C1F9D4005AD9D7 /* Debug */ = {
			isa = XCBuildConfiguration;
			buildSettings = {
				"CODE_SIGN_IDENTITY[sdk=iphoneos*]" = "iPhone Developer";
				GCC_PRECOMPILE_PREFIX_HEADER = YES;
				GCC_PREFIX_HEADER = "LAHDemo/LAHDemo-Prefix.pch";
				INFOPLIST_FILE = "LAHDemo/LAHDemo-Info.plist";
				IPHONEOS_DEPLOYMENT_TARGET = 5.0;
				LIBRARY_SEARCH_PATHS = "$(inherited)";
				OTHER_CODE_SIGN_FLAGS = "";
				OTHER_LDFLAGS = "-ObjC";
				PRODUCT_NAME = "$(TARGET_NAME)";
				USER_HEADER_SEARCH_PATHS = "";
				WRAPPER_EXTENSION = app;
			};
			name = Debug;
		};
		BE71B27D16C1F9D4005AD9D7 /* Release */ = {
			isa = XCBuildConfiguration;
			buildSettings = {
				"CODE_SIGN_IDENTITY[sdk=iphoneos*]" = "iPhone Developer";
				GCC_PRECOMPILE_PREFIX_HEADER = YES;
				GCC_PREFIX_HEADER = "LAHDemo/LAHDemo-Prefix.pch";
				INFOPLIST_FILE = "LAHDemo/LAHDemo-Info.plist";
				IPHONEOS_DEPLOYMENT_TARGET = 5.0;
				LIBRARY_SEARCH_PATHS = "$(inherited)";
				OTHER_CFLAGS = "-DNS_BLOCK_ASSERTIONS=1";
				OTHER_CODE_SIGN_FLAGS = "";
				OTHER_LDFLAGS = "-ObjC";
				PRODUCT_NAME = "$(TARGET_NAME)";
				USER_HEADER_SEARCH_PATHS = "";
				WRAPPER_EXTENSION = app;
			};
			name = Release;
		};
		BE93F0CE16C502DF008C3B3F /* Debug */ = {
			isa = XCBuildConfiguration;
			buildSettings = {
				DSTROOT = /tmp/LAH_MKNetwork_Hpple.dst;
				GCC_PRECOMPILE_PREFIX_HEADER = YES;
				GCC_PREFIX_HEADER = "LAH_MKNetwork_Hpple/LAH_MKNetwork_Hpple-Prefix.pch";
				IPHONEOS_DEPLOYMENT_TARGET = 5.0;
				LIBRARY_SEARCH_PATHS = (
					"$(inherited)",
					"\"$(SRCROOT)/LAH_MKNetwork_Hpple/Hpple\"",
					"\"$(SRCROOT)/LAH_MKNetwork_Hpple/MKNetworkKit-iOS\"",
				);
				OTHER_LDFLAGS = "-ObjC";
				PRODUCT_NAME = "$(TARGET_NAME)";
				SKIP_INSTALL = YES;
			};
			name = Debug;
		};
		BE93F0CF16C502DF008C3B3F /* Release */ = {
			isa = XCBuildConfiguration;
			buildSettings = {
				DSTROOT = /tmp/LAH_MKNetwork_Hpple.dst;
				GCC_PRECOMPILE_PREFIX_HEADER = YES;
				GCC_PREFIX_HEADER = "LAH_MKNetwork_Hpple/LAH_MKNetwork_Hpple-Prefix.pch";
				IPHONEOS_DEPLOYMENT_TARGET = 5.0;
				LIBRARY_SEARCH_PATHS = (
					"$(inherited)",
					"\"$(SRCROOT)/LAH_MKNetwork_Hpple/Hpple\"",
					"\"$(SRCROOT)/LAH_MKNetwork_Hpple/MKNetworkKit-iOS\"",
				);
				OTHER_LDFLAGS = "-ObjC";
				PRODUCT_NAME = "$(TARGET_NAME)";
				SKIP_INSTALL = YES;
			};
			name = Release;
		};
		BED8D00416BFAE5A001D819C /* Debug */ = {
			isa = XCBuildConfiguration;
			buildSettings = {
				FRAMEWORK_SEARCH_PATHS = (
					"\"$(SDKROOT)/Developer/Library/Frameworks\"",
					"\"$(DEVELOPER_LIBRARY_DIR)/Frameworks\"",
				);
				GCC_PRECOMPILE_PREFIX_HEADER = YES;
				GCC_PREFIX_HEADER = "Lazy_API_with_HTML_LogicTests/Lazy_API_with_HTML_LogicTests-Prefix.pch";
				HEADER_SEARCH_PATHS = "$(SDKROOT)/usr/include/libxml2";
				INFOPLIST_FILE = "Lazy_API_with_HTML_LogicTests/Lazy_API_with_HTML_LogicTests-Info.plist";
				IPHONEOS_DEPLOYMENT_TARGET = 5.0;
				LIBRARY_SEARCH_PATHS = (
					"$(inherited)",
					"\"$(SRCROOT)/Lazy_API_with_HTML/MKNetworkKit-iOS\"",
					"\"$(SRCROOT)/Hpple\"",
					"\"$(SRCROOT)/MKNetworkKit-iOS\"",
				);
				PRODUCT_NAME = "$(TARGET_NAME)";
				USER_HEADER_SEARCH_PATHS = "";
				WRAPPER_EXTENSION = octest;
			};
			name = Debug;
		};
		BED8D00516BFAE5A001D819C /* Release */ = {
			isa = XCBuildConfiguration;
			buildSettings = {
				FRAMEWORK_SEARCH_PATHS = (
					"\"$(SDKROOT)/Developer/Library/Frameworks\"",
					"\"$(DEVELOPER_LIBRARY_DIR)/Frameworks\"",
				);
				GCC_PRECOMPILE_PREFIX_HEADER = YES;
				GCC_PREFIX_HEADER = "Lazy_API_with_HTML_LogicTests/Lazy_API_with_HTML_LogicTests-Prefix.pch";
				HEADER_SEARCH_PATHS = "$(SDKROOT)/usr/include/libxml2";
				INFOPLIST_FILE = "Lazy_API_with_HTML_LogicTests/Lazy_API_with_HTML_LogicTests-Info.plist";
				IPHONEOS_DEPLOYMENT_TARGET = 5.0;
				LIBRARY_SEARCH_PATHS = (
					"$(inherited)",
					"\"$(SRCROOT)/Lazy_API_with_HTML/MKNetworkKit-iOS\"",
					"\"$(SRCROOT)/Hpple\"",
					"\"$(SRCROOT)/MKNetworkKit-iOS\"",
				);
				PRODUCT_NAME = "$(TARGET_NAME)";
				USER_HEADER_SEARCH_PATHS = "";
				WRAPPER_EXTENSION = octest;
			};
			name = Release;
		};
		BEDD18ED16BF976F009825E8 /* Debug */ = {
			isa = XCBuildConfiguration;
			buildSettings = {
				ALWAYS_SEARCH_USER_PATHS = NO;
				CLANG_CXX_LANGUAGE_STANDARD = "gnu++0x";
				CLANG_CXX_LIBRARY = "libc++";
				CLANG_WARN_EMPTY_BODY = YES;
				CLANG_WARN__DUPLICATE_METHOD_MATCH = YES;
				COPY_PHASE_STRIP = NO;
				GCC_C_LANGUAGE_STANDARD = gnu99;
				GCC_DYNAMIC_NO_PIC = NO;
				GCC_OPTIMIZATION_LEVEL = 0;
				GCC_PREPROCESSOR_DEFINITIONS = (
					"DEBUG=1",
					"$(inherited)",
				);
				GCC_SYMBOLS_PRIVATE_EXTERN = NO;
				GCC_WARN_ABOUT_RETURN_TYPE = YES;
				GCC_WARN_UNINITIALIZED_AUTOS = YES;
				GCC_WARN_UNUSED_VARIABLE = YES;
				IPHONEOS_DEPLOYMENT_TARGET = 5.0;
				ONLY_ACTIVE_ARCH = YES;
				SDKROOT = iphoneos;
			};
			name = Debug;
		};
		BEDD18EE16BF976F009825E8 /* Release */ = {
			isa = XCBuildConfiguration;
			buildSettings = {
				ALWAYS_SEARCH_USER_PATHS = NO;
				CLANG_CXX_LANGUAGE_STANDARD = "gnu++0x";
				CLANG_CXX_LIBRARY = "libc++";
				CLANG_WARN_EMPTY_BODY = YES;
				CLANG_WARN__DUPLICATE_METHOD_MATCH = YES;
				COPY_PHASE_STRIP = YES;
				GCC_C_LANGUAGE_STANDARD = gnu99;
				GCC_PREPROCESSOR_DEFINITIONS = NS_BLOCK_ASSERTIONS;
				GCC_WARN_ABOUT_RETURN_TYPE = YES;
				GCC_WARN_UNINITIALIZED_AUTOS = YES;
				GCC_WARN_UNUSED_VARIABLE = YES;
				IPHONEOS_DEPLOYMENT_TARGET = 5.0;
				SDKROOT = iphoneos;
				VALIDATE_PRODUCT = YES;
			};
			name = Release;
		};
		BEDD18F016BF976F009825E8 /* Debug */ = {
			isa = XCBuildConfiguration;
			buildSettings = {
				DSTROOT = /tmp/Lazy_API_with_HTML.dst;
				GCC_PRECOMPILE_PREFIX_HEADER = YES;
				GCC_PREFIX_HEADER = "Lazy_API_with_HTML/Lazy_API_with_HTML-Prefix.pch";
				IPHONEOS_DEPLOYMENT_TARGET = 5.0;
				OTHER_LDFLAGS = "-ObjC";
				PRODUCT_NAME = "$(TARGET_NAME)";
				SKIP_INSTALL = YES;
				USER_HEADER_SEARCH_PATHS = "";
			};
			name = Debug;
		};
		BEDD18F116BF976F009825E8 /* Release */ = {
			isa = XCBuildConfiguration;
			buildSettings = {
				DSTROOT = /tmp/Lazy_API_with_HTML.dst;
				GCC_PRECOMPILE_PREFIX_HEADER = YES;
				GCC_PREFIX_HEADER = "Lazy_API_with_HTML/Lazy_API_with_HTML-Prefix.pch";
				IPHONEOS_DEPLOYMENT_TARGET = 5.0;
				OTHER_LDFLAGS = "-ObjC";
				PRODUCT_NAME = "$(TARGET_NAME)";
				SKIP_INSTALL = YES;
				USER_HEADER_SEARCH_PATHS = "";
			};
			name = Release;
		};
/* End XCBuildConfiguration section */

/* Begin XCConfigurationList section */
		BE71B27B16C1F9D4005AD9D7 /* Build configuration list for PBXNativeTarget "LAHDemo" */ = {
			isa = XCConfigurationList;
			buildConfigurations = (
				BE71B27C16C1F9D4005AD9D7 /* Debug */,
				BE71B27D16C1F9D4005AD9D7 /* Release */,
			);
			defaultConfigurationIsVisible = 0;
			defaultConfigurationName = Release;
		};
		BE93F0CD16C502DF008C3B3F /* Build configuration list for PBXNativeTarget "LAH_MKNetwork_Hpple" */ = {
			isa = XCConfigurationList;
			buildConfigurations = (
				BE93F0CE16C502DF008C3B3F /* Debug */,
				BE93F0CF16C502DF008C3B3F /* Release */,
			);
			defaultConfigurationIsVisible = 0;
			defaultConfigurationName = Release;
		};
		BED8D00316BFAE5A001D819C /* Build configuration list for PBXNativeTarget "Lazy_API_with_HTML_LogicTests" */ = {
			isa = XCConfigurationList;
			buildConfigurations = (
				BED8D00416BFAE5A001D819C /* Debug */,
				BED8D00516BFAE5A001D819C /* Release */,
			);
			defaultConfigurationIsVisible = 0;
			defaultConfigurationName = Release;
		};
		BEDD18C416BF976F009825E8 /* Build configuration list for PBXProject "Lazy_API_with_HTML" */ = {
			isa = XCConfigurationList;
			buildConfigurations = (
				BEDD18ED16BF976F009825E8 /* Debug */,
				BEDD18EE16BF976F009825E8 /* Release */,
			);
			defaultConfigurationIsVisible = 0;
			defaultConfigurationName = Release;
		};
		BEDD18EF16BF976F009825E8 /* Build configuration list for PBXNativeTarget "Lazy_API_with_HTML" */ = {
			isa = XCConfigurationList;
			buildConfigurations = (
				BEDD18F016BF976F009825E8 /* Debug */,
				BEDD18F116BF976F009825E8 /* Release */,
			);
			defaultConfigurationIsVisible = 0;
			defaultConfigurationName = Release;
		};
/* End XCConfigurationList section */
	};
	rootObject = BEDD18C116BF976F009825E8 /* Project object */;
}
